
Microsoft Visual Studio Solution File, Format Version 12.00
# Visual Studio Version 16
VisualStudioVersion = 16.0.30011.22
MinimumVisualStudioVersion = 10.0.40219.1
Project("{FAE04EC0-301F-11D3-BF4B-00C04F79EFBC}") = "Learnin-EFCore", "Learnin-EFCore\Learnin-EFCore.csproj", "{B8D1728C-7433-434B-BEE9-76B9C20FC0C9}"
EndProject
Global
	GlobalSection(SolutionConfigurationPlatforms) = preSolution
		Debug|Any CPU = Debug|Any CPU
		Release|Any CPU = Release|Any CPU
	EndGlobalSection
	GlobalSection(ProjectConfigurationPlatforms) = postSolution
		{B8D1728C-7433-434B-BEE9-76B9C20FC0C9}.Debug|Any CPU.ActiveCfg = Debug|Any CPU
		{B8D1728C-7433-434B-BEE9-76B9C20FC0C9}.Debug|Any CPU.Build.0 = Debug|Any CPU
		{B8D1728C-7433-434B-BEE9-76B9C20FC0C9}.Release|Any CPU.ActiveCfg = Release|Any CPU
		{B8D1728C-7433-434B-BEE9-76B9C20FC0C9}.Release|Any CPU.Build.0 = Release|Any CPU
	EndGlobalSection
	GlobalSection(SolutionProperties) = preSolution
		HideSolutionNode = FALSE
	EndGlobalSection
	GlobalSection(ExtensibilityGlobals) = postSolution
		SolutionGuid = {9BDCDEF7-C2DE-4A30-BF9E-B79680D8A792}
	EndGlobalSection
EndGlobal
